Microsoft Visual Studio Solution File, Format Version 12.00
# Visual Studio Version 17
VisualStudioVersion = 17.5.2.0
MinimumVisualStudioVersion = 10.0.40219.1
Project("{FAE04EC0-301F-11D3-BF4B-00C04F79EFBC}") = "32-InvestigatingStringFormattingBasics", "32-InvestigatingStringFormattingBasics.csproj", "{05FCE6DF-3BB3-7534-FADA-3CF7AAB82CB0}"
EndProject
Global
	GlobalSection(SolutionConfigurationPlatforms) = preSolution
		Debug|Any CPU = Debug|Any CPU
		Release|Any CPU = Release|Any CPU
	EndGlobalSection
	GlobalSection(ProjectConfigurationPlatforms) = postSolution
		{05FCE6DF-3BB3-7534-FADA-3CF7AAB82CB0}.Debug|Any CPU.ActiveCfg = Debug|Any CPU
		{05FCE6DF-3BB3-7534-FADA-3CF7AAB82CB0}.Debug|Any CPU.Build.0 = Debug|Any CPU
		{05FCE6DF-3BB3-7534-FADA-3CF7AAB82CB0}.Release|Any CPU.ActiveCfg = Release|Any CPU
		{05FCE6DF-3BB3-7534-FADA-3CF7AAB82CB0}.Release|Any CPU.Build.0 = Release|Any CPU
	EndGlobalSection
	GlobalSection(SolutionProperties) = preSolution
		HideSolutionNode = FALSE
	EndGlobalSection
	GlobalSection(ExtensibilityGlobals) = postSolution
		SolutionGuid = {52F1E3B7-3C97-4BE8-A437-404295700882}
	EndGlobalSection
EndGlobal
